
Microsoft Visual Studio Solution File, Format Version 12.00
# Visual Studio Version 17
VisualStudioVersion = 17.5.002.0
MinimumVisualStudioVersion = 10.0.40219.1
Project("{2150E333-8FDC-42A3-9474-1A3956D46DE8}") = "CsharpProjects", "CsharpProjects", "{A75C5EE8-15F2-4D3D-9334-088A6D145D75}"
EndProject
Project("{9A19103F-16F7-4668-BE54-9A1E7A4F7556}") = "TestProject", "CsharpProjects\TestProject\TestProject.csproj", "{0821407B-81FC-4E39-8173-97B3EEC60F2F}"
EndProject
Global
	GlobalSection(SolutionConfigurationPlatforms) = preSolution
		Debug|Any CPU = Debug|Any CPU
		Release|Any CPU = Release|Any CPU
	EndGlobalSection
	GlobalSection(ProjectConfigurationPlatforms) = postSolution
		{0821407B-81FC-4E39-8173-97B3EEC60F2F}.Debug|Any CPU.ActiveCfg = Debug|Any CPU
		{0821407B-81FC-4E39-8173-97B3EEC60F2F}.Debug|Any CPU.Build.0 = Debug|Any CPU
		{0821407B-81FC-4E39-8173-97B3EEC60F2F}.Release|Any CPU.ActiveCfg = Release|Any CPU
		{0821407B-81FC-4E39-8173-97B3EEC60F2F}.Release|Any CPU.Build.0 = Release|Any CPU
	EndGlobalSection
	GlobalSection(SolutionProperties) = preSolution
		HideSolutionNode = FALSE
	EndGlobalSection
	GlobalSection(NestedProjects) = preSolution
		{0821407B-81FC-4E39-8173-97B3EEC60F2F} = {A75C5EE8-15F2-4D3D-9334-088A6D145D75}
	EndGlobalSection
	GlobalSection(ExtensibilityGlobals) = postSolution
		SolutionGuid = {707BCF42-055A-453D-BC35-60DDBA9FA41E}
	EndGlobalSection
EndGlobal
